
Microsoft Visual Studio Solution File, Format Version 12.00
# Visual Studio 15
VisualStudioVersion = 15.0.28307.1022
MinimumVisualStudioVersion = 10.0.40219.1
Project("{FAE04EC0-301F-11D3-BF4B-00C04F79EFBC}") = "GraphQL.API", "GraphQL.API\GraphQL.API.csproj", "{4C1AE79C-7908-4765-961E-1C63E7620759}"
EndProject
Global
	GlobalSection(SolutionConfigurationPlatforms) = preSolution
		Debug|Any CPU = Debug|Any CPU
		Release|Any CPU = Release|Any CPU
	EndGlobalSection
	GlobalSection(ProjectConfigurationPlatforms) = postSolution
		{4C1AE79C-7908-4765-961E-1C63E7620759}.Debug|Any CPU.ActiveCfg = Debug|Any CPU
		{4C1AE79C-7908-4765-961E-1C63E7620759}.Debug|Any CPU.Build.0 = Debug|Any CPU
		{4C1AE79C-7908-4765-961E-1C63E7620759}.Release|Any CPU.ActiveCfg = Release|Any CPU
		{4C1AE79C-7908-4765-961E-1C63E7620759}.Release|Any CPU.Build.0 = Release|Any CPU
	EndGlobalSection
	GlobalSection(SolutionProperties) = preSolution
		HideSolutionNode = FALSE
	EndGlobalSection
	GlobalSection(ExtensibilityGlobals) = postSolution
		SolutionGuid = {A1E2BAD6-62FD-45BB-BD34-9BE1A0C05880}
	EndGlobalSection
EndGlobal
